// !$*UTF8*$!
{
	archiveVersion = 1;
	classes = {
	};
	objectVersion = 50;
	objects = {

/* Begin PBXBuildFile section */
		59013D9523F841D800725562 /* HeapTests.swift in Sources */ = {isa = PBXBuildFile; fileRef = 59013D9423F841D800725562 /* HeapTests.swift */; };
		59013D9923F8433100725562 /* HeapPerformanceTest.swift in Sources */ = {isa = PBXBuildFile; fileRef = 59013D9823F8433100725562 /* HeapPerformanceTest.swift */; };
		59013D9B23F8437000725562 /* Utils.swift in Sources */ = {isa = PBXBuildFile; fileRef = 59013D9A23F8437000725562 /* Utils.swift */; };
		59013D9E23F8488400725562 /* HeapSort.swift in Sources */ = {isa = PBXBuildFile; fileRef = 59013D9D23F8488400725562 /* HeapSort.swift */; };
		590BCC1E241D54D400419559 /* OrderAgnosticBinarySearch.swift in Sources */ = {isa = PBXBuildFile; fileRef = 590BCC1D241D54D400419559 /* OrderAgnosticBinarySearch.swift */; };
		590BCC21241D595600419559 /* BinarySearchTests.swift in Sources */ = {isa = PBXBuildFile; fileRef = 590BCC20241D595600419559 /* BinarySearchTests.swift */; };
		590C8B1B2415752600B10C2B /* DFS.swift in Sources */ = {isa = PBXBuildFile; fileRef = 590C8B1A2415752600B10C2B /* DFS.swift */; };
		590C8B1E24157A9800B10C2B /* Subsets.swift in Sources */ = {isa = PBXBuildFile; fileRef = 590C8B1D24157A9800B10C2B /* Subsets.swift */; };
		590C8B2124157AA900B10C2B /* SubsetsTests.swift in Sources */ = {isa = PBXBuildFile; fileRef = 590C8B2024157AA900B10C2B /* SubsetsTests.swift */; };
		590EA4ED23F872C000E71EAF /* MergeSort.swift in Sources */ = {isa = PBXBuildFile; fileRef = 590EA4EC23F872C000E71EAF /* MergeSort.swift */; };
		590EA4F023F87C6600E71EAF /* BinarySearch.swift in Sources */ = {isa = PBXBuildFile; fileRef = 590EA4EF23F87C6600E71EAF /* BinarySearch.swift */; };
		590EA4F223F87D1500E71EAF /* LinearSearch.swift in Sources */ = {isa = PBXBuildFile; fileRef = 590EA4F123F87D1500E71EAF /* LinearSearch.swift */; };
		590EA4F723F87DD900E71EAF /* SearchAlgorithmPerformance.swift in Sources */ = {isa = PBXBuildFile; fileRef = 590EA4F623F87DD900E71EAF /* SearchAlgorithmPerformance.swift */; };
		5917D8D6241426A100A39C19 /* MergeIntervals.swift in Sources */ = {isa = PBXBuildFile; fileRef = 5917D8D5241426A100A39C19 /* MergeIntervals.swift */; };
		5917EE332402BE0100D3A061 /* Prim.swift in Sources */ = {isa = PBXBuildFile; fileRef = 5917EE322402BE0100D3A061 /* Prim.swift */; };
		5917EE352402C09200D3A061 /* PrimTest.swift in Sources */ = {isa = PBXBuildFile; fileRef = 5917EE342402C09200D3A061 /* PrimTest.swift */; };
		5920B87E2413029F00607A4D /* FindCycleInLinkedList.swift in Sources */ = {isa = PBXBuildFile; fileRef = 5920B87D2413029F00607A4D /* FindCycleInLinkedList.swift */; };
		5920B880241302B000607A4D /* FindCycleInLinkedListTests.swift in Sources */ = {isa = PBXBuildFile; fileRef = 5920B87F241302B000607A4D /* FindCycleInLinkedListTests.swift */; };
		59383B032412D00E0067CE89 /* MaxSumOfSubarray.swift in Sources */ = {isa = PBXBuildFile; fileRef = 59383B022412D00E0067CE89 /* MaxSumOfSubarray.swift */; };
		59383B062412D0690067CE89 /* MaxSumOfSubarray.swift in Sources */ = {isa = PBXBuildFile; fileRef = 59383B052412D0690067CE89 /* MaxSumOfSubarray.swift */; };
		59383B082412DB2C0067CE89 /* SmallestSubarrayWithSum.swift in Sources */ = {isa = PBXBuildFile; fileRef = 59383B072412DB2C0067CE89 /* SmallestSubarrayWithSum.swift */; };
		59383B0A2412DB460067CE89 /* SmallestSubarrayWithSum.swift in Sources */ = {isa = PBXBuildFile; fileRef = 59383B092412DB460067CE89 /* SmallestSubarrayWithSum.swift */; };
		59383B0C2412E48B0067CE89 /* LongestSubstringWithDistinctChars.swift in Sources */ = {isa = PBXBuildFile; fileRef = 59383B0B2412E48B0067CE89 /* LongestSubstringWithDistinctChars.swift */; };
		59383B0E2412E4980067CE89 /* LongestSubstringWithDistinctCharsTests.swift in Sources */ = {isa = PBXBuildFile; fileRef = 59383B0D2412E4980067CE89 /* LongestSubstringWithDistinctCharsTests.swift */; };
		5939FEAB241473BD000586D1 /* CyclicSort.swift in Sources */ = {isa = PBXBuildFile; fileRef = 5939FEAA241473BD000586D1 /* CyclicSort.swift */; };
		5939FEAE2414747B000586D1 /* CyclicSortTests.swift in Sources */ = {isa = PBXBuildFile; fileRef = 5939FEAD2414747B000586D1 /* CyclicSortTests.swift */; };
		5939FEB024147A10000586D1 /* BFS.swift in Sources */ = {isa = PBXBuildFile; fileRef = 5939FEAF24147A10000586D1 /* BFS.swift */; };
		5941032E241C079000941AC7 /* Trie.swift in Sources */ = {isa = PBXBuildFile; fileRef = 5941032D241C079000941AC7 /* Trie.swift */; };
		59462F612407281D00CE5885 /* LinkedList.swift in Sources */ = {isa = PBXBuildFile; fileRef = 59462F602407281D00CE5885 /* LinkedList.swift */; };
		59462F63240729BC00CE5885 /* LinkedListTests.swift in Sources */ = {isa = PBXBuildFile; fileRef = 59462F62240729BC00CE5885 /* LinkedListTests.swift */; };
		594C2C3F23FA0598008FDABB /* Timsort.swift in Sources */ = {isa = PBXBuildFile; fileRef = 594C2C3E23FA0598008FDABB /* Timsort.swift */; };
		5954A320241AB824007F5FAC /* MedianOfAStream.swift in Sources */ = {isa = PBXBuildFile; fileRef = 5954A31F241AB824007F5FAC /* MedianOfAStream.swift */; };
		5954A324241ABB26007F5FAC /* MedianOfAStreamTests.swift in Sources */ = {isa = PBXBuildFile; fileRef = 5954A323241ABB26007F5FAC /* MedianOfAStreamTests.swift */; };
		5964088923F891D900B68414 /* BinaryTree.swift in Sources */ = {isa = PBXBuildFile; fileRef = 5964088823F891D900B68414 /* BinaryTree.swift */; };
		5964088B23F8923400B68414 /* BinaryTreeTests.swift in Sources */ = {isa = PBXBuildFile; fileRef = 5964088A23F8923400B68414 /* BinaryTreeTests.swift */; };
		596828CD2412F212002AEF7E /* PairWithTargetSum.swift in Sources */ = {isa = PBXBuildFile; fileRef = 596828CC2412F212002AEF7E /* PairWithTargetSum.swift */; };
		596828CF2412F23E002AEF7E /* PairWithTargetSumTests.swift in Sources */ = {isa = PBXBuildFile; fileRef = 596828CE2412F23E002AEF7E /* PairWithTargetSumTests.swift */; };
		596828D12412F7B2002AEF7E /* RemoveDuplicates.swift in Sources */ = {isa = PBXBuildFile; fileRef = 596828D02412F7B2002AEF7E /* RemoveDuplicates.swift */; };
		596828D32412F7C0002AEF7E /* RemoveDuplicatesTests.swift in Sources */ = {isa = PBXBuildFile; fileRef = 596828D22412F7C0002AEF7E /* RemoveDuplicatesTests.swift */; };
		5973C05523F63A8C0008C0C7 /* PriorityQueue.swift in Sources */ = {isa = PBXBuildFile; fileRef = 5973C05423F63A8C0008C0C7 /* PriorityQueue.swift */; };
		5973C05723F63B420008C0C7 /* Heap.swift in Sources */ = {isa = PBXBuildFile; fileRef = 5973C05623F63B420008C0C7 /* Heap.swift */; };
		5973C05923F63B5B0008C0C7 /* Queue.swift in Sources */ = {isa = PBXBuildFile; fileRef = 5973C05823F63B5B0008C0C7 /* Queue.swift */; };
		5973C05C23F63C530008C0C7 /* PriorityQueueTests.swift in Sources */ = {isa = PBXBuildFile; fileRef = 5973C05B23F63C530008C0C7 /* PriorityQueueTests.swift */; };
		5973C05F23F63F740008C0C7 /* FunctionalityTests.swift in Sources */ = {isa = PBXBuildFile; fileRef = 5973C05E23F63F740008C0C7 /* FunctionalityTests.swift */; };
		599D0F7C2415873700B71E42 /* XOR.swift in Sources */ = {isa = PBXBuildFile; fileRef = 599D0F7B2415873700B71E42 /* XOR.swift */; };
		599D0F7F2415874C00B71E42 /* XORTests.swift in Sources */ = {isa = PBXBuildFile; fileRef = 599D0F7E2415874C00B71E42 /* XORTests.swift */; };
		599D0F82241592BE00B71E42 /* TopologicalSort.swift in Sources */ = {isa = PBXBuildFile; fileRef = 599D0F81241592BE00B71E42 /* TopologicalSort.swift */; };
		599D0F85241592D400B71E42 /* TopologicalSortTest.swift in Sources */ = {isa = PBXBuildFile; fileRef = 599D0F84241592D400B71E42 /* TopologicalSortTest.swift */; };
		59A574D1240308930089BF61 /* Stack.swift in Sources */ = {isa = PBXBuildFile; fileRef = 59A574D0240308930089BF61 /* Stack.swift */; };
		59AF98542415491900F718A1 /* KWayMerge.swift in Sources */ = {isa = PBXBuildFile; fileRef = 59AF98532415491900F718A1 /* KWayMerge.swift */; };
		59AF98572415493C00F718A1 /* KWayMergeTests.swift in Sources */ = {isa = PBXBuildFile; fileRef = 59AF98562415493C00F718A1 /* KWayMergeTests.swift */; };
		59B200B924021C5500E613C0 /* Dijkstras.swift in Sources */ = {isa = PBXBuildFile; fileRef = 59B200B824021C5500E613C0 /* Dijkstras.swift */; };
		59B200BB2402210900E613C0 /* DijkstrasTest.swift in Sources */ = {isa = PBXBuildFile; fileRef = 59B200BA2402210900E613C0 /* DijkstrasTest.swift */; };
		59B3CA15241868A20042A8E6 /* IOSetup.swift in Sources */ = {isa = PBXBuildFile; fileRef = 59B3CA14241868A20042A8E6 /* IOSetup.swift */; };
		59BCAAA3241D37B0006F9E56 /* UnionFindTests.swift in Sources */ = {isa = PBXBuildFile; fileRef = 59BCAAA2241D37B0006F9E56 /* UnionFindTests.swift */; };
		59BCAAA6241D453B006F9E56 /* RoadsAndLibraries.swift in Sources */ = {isa = PBXBuildFile; fileRef = 59BCAAA5241D453B006F9E56 /* RoadsAndLibraries.swift */; };
		59BCAAA9241D473F006F9E56 /* RoadsAndLibrariesTests.swift in Sources */ = {isa = PBXBuildFile; fileRef = 59BCAAA8241D473F006F9E56 /* RoadsAndLibrariesTests.swift */; };
		59CB4D23240EFF7100AB0395 /* GraphVertex.swift in Sources */ = {isa = PBXBuildFile; fileRef = 59CB4D22240EFF7100AB0395 /* GraphVertex.swift */; };
		59CB4D25240EFF8900AB0395 /* GraphEdge.swift in Sources */ = {isa = PBXBuildFile; fileRef = 59CB4D24240EFF8900AB0395 /* GraphEdge.swift */; };
		59CB4D2A240F00F400AB0395 /* BinarySearchTree.swift in Sources */ = {isa = PBXBuildFile; fileRef = 59CB4D29240F00F400AB0395 /* BinarySearchTree.swift */; };
		59D1E98123F618DF00647E4B /* SortAlgoBenchmarks.framework in Frameworks */ = {isa = PBXBuildFile; fileRef = 59D1E97723F618DF00647E4B /* SortAlgoBenchmarks.framework */; };
		59D1E98623F618DF00647E4B /* SortAlgorithmPerformanceTests.swift in Sources */ = {isa = PBXBuildFile; fileRef = 59D1E98523F618DF00647E4B /* SortAlgorithmPerformanceTests.swift */; };
		59D1E98823F618DF00647E4B /* SortAlgoBenchmarks.h in Headers */ = {isa = PBXBuildFile; fileRef = 59D1E97A23F618DF00647E4B /* SortAlgoBenchmarks.h */; settings = {ATTRIBUTES = (Public, ); }; };
		59D1E99223F6196F00647E4B /* BubbleSort.swift in Sources */ = {isa = PBXBuildFile; fileRef = 59D1E99123F6196F00647E4B /* BubbleSort.swift */; };
		59D1E99423F61E1500647E4B /* TestFixtures.swift in Sources */ = {isa = PBXBuildFile; fileRef = 59D1E99323F61E1500647E4B /* TestFixtures.swift */; };
		59D1E99923F6206700647E4B /* SelectionSort.swift in Sources */ = {isa = PBXBuildFile; fileRef = 59D1E99823F6206700647E4B /* SelectionSort.swift */; };
		59D1E99B23F6208100647E4B /* InsertionSort.swift in Sources */ = {isa = PBXBuildFile; fileRef = 59D1E99A23F6208100647E4B /* InsertionSort.swift */; };
		59EE461A241B09C300CA36E3 /* Factorial.swift in Sources */ = {isa = PBXBuildFile; fileRef = 59EE4619241B09C300CA36E3 /* Factorial.swift */; };
		59EE461C241B09D400CA36E3 /* FactorialTests.swift in Sources */ = {isa = PBXBuildFile; fileRef = 59EE461B241B09D400CA36E3 /* FactorialTests.swift */; };
		59EE461E241B0CFC00CA36E3 /* Kruskal.swift in Sources */ = {isa = PBXBuildFile; fileRef = 59EE461D241B0CFC00CA36E3 /* Kruskal.swift */; };
		59EE4620241B0F1F00CA36E3 /* KruskalTest.swift in Sources */ = {isa = PBXBuildFile; fileRef = 59EE461F241B0F1F00CA36E3 /* KruskalTest.swift */; };
		59EE4623241B168500CA36E3 /* UnionFind.swift in Sources */ = {isa = PBXBuildFile; fileRef = 59EE4622241B168500CA36E3 /* UnionFind.swift */; };
		59F238EA23FB76F700D8B467 /* Graph.swift in Sources */ = {isa = PBXBuildFile; fileRef = 59F238E923FB76F700D8B467 /* Graph.swift */; };
		59F238ED23FB7A4E00D8B467 /* AdjacencyList.swift in Sources */ = {isa = PBXBuildFile; fileRef = 59F238EC23FB7A4E00D8B467 /* AdjacencyList.swift */; };
		59F238F123FB7ABF00D8B467 /* AdjacencyListTests.swift in Sources */ = {isa = PBXBuildFile; fileRef = 59F238F023FB7ABF00D8B467 /* AdjacencyListTests.swift */; };
		59FA5FB123F88787002BA196 /* MinComparisonLinearSearch.swift in Sources */ = {isa = PBXBuildFile; fileRef = 59FA5FB023F88787002BA196 /* MinComparisonLinearSearch.swift */; };
/* End PBXBuildFile section */

/* Begin PBXContainerItemProxy section */
		59D1E98223F618DF00647E4B /* PBXContainerItemProxy */ = {
			isa = PBXContainerItemProxy;
			containerPortal = 59D1E96E23F618DF00647E4B /* Project object */;
			proxyType = 1;
			remoteGlobalIDString = 59D1E97623F618DF00647E4B;
			remoteInfo = SortAlgoBenchmarks;
		};
/* End PBXContainerItemProxy section */

/* Begin PBXFileReference section */
		59013D9423F841D800725562 /* HeapTests.swift */ = {isa = PBXFileReference; lastKnownFileType = sourcecode.swift; path = HeapTests.swift; sourceTree = "<group>"; };
		59013D9823F8433100725562 /* HeapPerformanceTest.swift */ = {isa = PBXFileReference; lastKnownFileType = sourcecode.swift; path = HeapPerformanceTest.swift; sourceTree = "<group>"; };
		59013D9A23F8437000725562 /* Utils.swift */ = {isa = PBXFileReference; lastKnownFileType = sourcecode.swift; path = Utils.swift; sourceTree = "<group>"; };
		59013D9D23F8488400725562 /* HeapSort.swift */ = {isa = PBXFileReference; lastKnownFileType = sourcecode.swift; path = HeapSort.swift; sourceTree = "<group>"; };
		590BCC1D241D54D400419559 /* OrderAgnosticBinarySearch.swift */ = {isa = PBXFileReference; lastKnownFileType = sourcecode.swift; path = OrderAgnosticBinarySearch.swift; sourceTree = "<group>"; };
		590BCC20241D595600419559 /* BinarySearchTests.swift */ = {isa = PBXFileReference; lastKnownFileType = sourcecode.swift; path = BinarySearchTests.swift; sourceTree = "<group>"; };
		590C8B1A2415752600B10C2B /* DFS.swift */ = {isa = PBXFileReference; lastKnownFileType = sourcecode.swift; path = DFS.swift; sourceTree = "<group>"; };
		590C8B1D24157A9800B10C2B /* Subsets.swift */ = {isa = PBXFileReference; lastKnownFileType = sourcecode.swift; path = Subsets.swift; sourceTree = "<group>"; };
		590C8B2024157AA900B10C2B /* SubsetsTests.swift */ = {isa = PBXFileReference; lastKnownFileType = sourcecode.swift; path = SubsetsTests.swift; sourceTree = "<group>"; };
		590EA4EC23F872C000E71EAF /* MergeSort.swift */ = {isa = PBXFileReference; lastKnownFileType = sourcecode.swift; path = MergeSort.swift; sourceTree = "<group>"; };
		590EA4EF23F87C6600E71EAF /* BinarySearch.swift */ = {isa = PBXFileReference; lastKnownFileType = sourcecode.swift; path = BinarySearch.swift; sourceTree = "<group>"; };
		590EA4F123F87D1500E71EAF /* LinearSearch.swift */ = {isa = PBXFileReference; lastKnownFileType = sourcecode.swift; path = LinearSearch.swift; sourceTree = "<group>"; };
		590EA4F623F87DD900E71EAF /* SearchAlgorithmPerformance.swift */ = {isa = PBXFileReference; lastKnownFileType = sourcecode.swift; path = SearchAlgorithmPerformance.swift; sourceTree = "<group>"; };
		5917D8D5241426A100A39C19 /* MergeIntervals.swift */ = {isa = PBXFileReference; lastKnownFileType = sourcecode.swift; path = MergeIntervals.swift; sourceTree = "<group>"; };
		5917EE322402BE0100D3A061 /* Prim.swift */ = {isa = PBXFileReference; lastKnownFileType = sourcecode.swift; path = Prim.swift; sourceTree = "<group>"; };
		5917EE342402C09200D3A061 /* PrimTest.swift */ = {isa = PBXFileReference; lastKnownFileType = sourcecode.swift; path = PrimTest.swift; sourceTree = "<group>"; };
		5920B87D2413029F00607A4D /* FindCycleInLinkedList.swift */ = {isa = PBXFileReference; lastKnownFileType = sourcecode.swift; path = FindCycleInLinkedList.swift; sourceTree = "<group>"; };
		5920B87F241302B000607A4D /* FindCycleInLinkedListTests.swift */ = {isa = PBXFileReference; lastKnownFileType = sourcecode.swift; path = FindCycleInLinkedListTests.swift; sourceTree = "<group>"; };
		59383B022412D00E0067CE89 /* MaxSumOfSubarray.swift */ = {isa = PBXFileReference; lastKnownFileType = sourcecode.swift; path = MaxSumOfSubarray.swift; sourceTree = "<group>"; };
		59383B052412D0690067CE89 /* MaxSumOfSubarray.swift */ = {isa = PBXFileReference; lastKnownFileType = sourcecode.swift; path = MaxSumOfSubarray.swift; sourceTree = "<group>"; };
		59383B072412DB2C0067CE89 /* SmallestSubarrayWithSum.swift */ = {isa = PBXFileReference; lastKnownFileType = sourcecode.swift; path = SmallestSubarrayWithSum.swift; sourceTree = "<group>"; };
		59383B092412DB460067CE89 /* SmallestSubarrayWithSum.swift */ = {isa = PBXFileReference; lastKnownFileType = sourcecode.swift; path = SmallestSubarrayWithSum.swift; sourceTree = "<group>"; };
		59383B0B2412E48B0067CE89 /* LongestSubstringWithDistinctChars.swift */ = {isa = PBXFileReference; lastKnownFileType = sourcecode.swift; path = LongestSubstringWithDistinctChars.swift; sourceTree = "<group>"; };
		59383B0D2412E4980067CE89 /* LongestSubstringWithDistinctCharsTests.swift */ = {isa = PBXFileReference; lastKnownFileType = sourcecode.swift; path = LongestSubstringWithDistinctCharsTests.swift; sourceTree = "<group>"; };
		5939FEAA241473BD000586D1 /* CyclicSort.swift */ = {isa = PBXFileReference; lastKnownFileType = sourcecode.swift; path = CyclicSort.swift; sourceTree = "<group>"; };
		5939FEAD2414747B000586D1 /* CyclicSortTests.swift */ = {isa = PBXFileReference; lastKnownFileType = sourcecode.swift; path = CyclicSortTests.swift; sourceTree = "<group>"; };
		5939FEAF24147A10000586D1 /* BFS.swift */ = {isa = PBXFileReference; lastKnownFileType = sourcecode.swift; path = BFS.swift; sourceTree = "<group>"; };
		5941032D241C079000941AC7 /* Trie.swift */ = {isa = PBXFileReference; lastKnownFileType = sourcecode.swift; path = Trie.swift; sourceTree = "<group>"; };
		59462F602407281D00CE5885 /* LinkedList.swift */ = {isa = PBXFileReference; lastKnownFileType = sourcecode.swift; path = LinkedList.swift; sourceTree = "<group>"; };
		59462F62240729BC00CE5885 /* LinkedListTests.swift */ = {isa = PBXFileReference; lastKnownFileType = sourcecode.swift; path = LinkedListTests.swift; sourceTree = "<group>"; };
		594C2C3E23FA0598008FDABB /* Timsort.swift */ = {isa = PBXFileReference; lastKnownFileType = sourcecode.swift; path = Timsort.swift; sourceTree = "<group>"; };
		5954A31F241AB824007F5FAC /* MedianOfAStream.swift */ = {isa = PBXFileReference; lastKnownFileType = sourcecode.swift; path = MedianOfAStream.swift; sourceTree = "<group>"; };
		5954A323241ABB26007F5FAC /* MedianOfAStreamTests.swift */ = {isa = PBXFileReference; lastKnownFileType = sourcecode.swift; path = MedianOfAStreamTests.swift; sourceTree = "<group>"; };
		5964088823F891D900B68414 /* BinaryTree.swift */ = {isa = PBXFileReference; lastKnownFileType = sourcecode.swift; path = BinaryTree.swift; sourceTree = "<group>"; };
		5964088A23F8923400B68414 /* BinaryTreeTests.swift */ = {isa = PBXFileReference; lastKnownFileType = sourcecode.swift; path = BinaryTreeTests.swift; sourceTree = "<group>"; };
		596828CC2412F212002AEF7E /* PairWithTargetSum.swift */ = {isa = PBXFileReference; lastKnownFileType = sourcecode.swift; path = PairWithTargetSum.swift; sourceTree = "<group>"; };
		596828CE2412F23E002AEF7E /* PairWithTargetSumTests.swift */ = {isa = PBXFileReference; lastKnownFileType = sourcecode.swift; path = PairWithTargetSumTests.swift; sourceTree = "<group>"; };
		596828D02412F7B2002AEF7E /* RemoveDuplicates.swift */ = {isa = PBXFileReference; lastKnownFileType = sourcecode.swift; path = RemoveDuplicates.swift; sourceTree = "<group>"; };
		596828D22412F7C0002AEF7E /* RemoveDuplicatesTests.swift */ = {isa = PBXFileReference; lastKnownFileType = sourcecode.swift; path = RemoveDuplicatesTests.swift; sourceTree = "<group>"; };
		5973C05423F63A8C0008C0C7 /* PriorityQueue.swift */ = {isa = PBXFileReference; lastKnownFileType = sourcecode.swift; path = PriorityQueue.swift; sourceTree = "<group>"; };
		5973C05623F63B420008C0C7 /* Heap.swift */ = {isa = PBXFileReference; lastKnownFileType = sourcecode.swift; path = Heap.swift; sourceTree = "<group>"; };
		5973C05823F63B5B0008C0C7 /* Queue.swift */ = {isa = PBXFileReference; lastKnownFileType = sourcecode.swift; path = Queue.swift; sourceTree = "<group>"; };
		5973C05B23F63C530008C0C7 /* PriorityQueueTests.swift */ = {isa = PBXFileReference; lastKnownFileType = sourcecode.swift; path = PriorityQueueTests.swift; sourceTree = "<group>"; };
		5973C05E23F63F740008C0C7 /* FunctionalityTests.swift */ = {isa = PBXFileReference; lastKnownFileType = sourcecode.swift; path = FunctionalityTests.swift; sourceTree = "<group>"; };
		599D0F7B2415873700B71E42 /* XOR.swift */ = {isa = PBXFileReference; lastKnownFileType = sourcecode.swift; path = XOR.swift; sourceTree = "<group>"; };
		599D0F7E2415874C00B71E42 /* XORTests.swift */ = {isa = PBXFileReference; lastKnownFileType = sourcecode.swift; path = XORTests.swift; sourceTree = "<group>"; };
		599D0F81241592BE00B71E42 /* TopologicalSort.swift */ = {isa = PBXFileReference; lastKnownFileType = sourcecode.swift; path = TopologicalSort.swift; sourceTree = "<group>"; };
		599D0F84241592D400B71E42 /* TopologicalSortTest.swift */ = {isa = PBXFileReference; lastKnownFileType = sourcecode.swift; path = TopologicalSortTest.swift; sourceTree = "<group>"; };
		59A574D0240308930089BF61 /* Stack.swift */ = {isa = PBXFileReference; lastKnownFileType = sourcecode.swift; path = Stack.swift; sourceTree = "<group>"; };
		59AF98532415491900F718A1 /* KWayMerge.swift */ = {isa = PBXFileReference; lastKnownFileType = sourcecode.swift; path = KWayMerge.swift; sourceTree = "<group>"; };
		59AF98562415493C00F718A1 /* KWayMergeTests.swift */ = {isa = PBXFileReference; lastKnownFileType = sourcecode.swift; path = KWayMergeTests.swift; sourceTree = "<group>"; };
		59B200B824021C5500E613C0 /* Dijkstras.swift */ = {isa = PBXFileReference; lastKnownFileType = sourcecode.swift; path = Dijkstras.swift; sourceTree = "<group>"; };
		59B200BA2402210900E613C0 /* DijkstrasTest.swift */ = {isa = PBXFileReference; lastKnownFileType = sourcecode.swift; path = DijkstrasTest.swift; sourceTree = "<group>"; };
		59B3CA14241868A20042A8E6 /* IOSetup.swift */ = {isa = PBXFileReference; lastKnownFileType = sourcecode.swift; path = IOSetup.swift; sourceTree = "<group>"; };
		59BCAAA2241D37B0006F9E56 /* UnionFindTests.swift */ = {isa = PBXFileReference; lastKnownFileType = sourcecode.swift; path = UnionFindTests.swift; sourceTree = "<group>"; };
		59BCAAA5241D453B006F9E56 /* RoadsAndLibraries.swift */ = {isa = PBXFileReference; lastKnownFileType = sourcecode.swift; path = RoadsAndLibraries.swift; sourceTree = "<group>"; };
		59BCAAA8241D473F006F9E56 /* RoadsAndLibrariesTests.swift */ = {isa = PBXFileReference; lastKnownFileType = sourcecode.swift; path = RoadsAndLibrariesTests.swift; sourceTree = "<group>"; };
		59CB4D22240EFF7100AB0395 /* GraphVertex.swift */ = {isa = PBXFileReference; lastKnownFileType = sourcecode.swift; path = GraphVertex.swift; sourceTree = "<group>"; };
		59CB4D24240EFF8900AB0395 /* GraphEdge.swift */ = {isa = PBXFileReference; lastKnownFileType = sourcecode.swift; path = GraphEdge.swift; sourceTree = "<group>"; };
		59CB4D29240F00F400AB0395 /* BinarySearchTree.swift */ = {isa = PBXFileReference; lastKnownFileType = sourcecode.swift; path = BinarySearchTree.swift; sourceTree = "<group>"; };
		59D1E97723F618DF00647E4B /* SortAlgoBenchmarks.framework */ = {isa = PBXFileReference; explicitFileType = wrapper.framework; includeInIndex = 0; path = SortAlgoBenchmarks.framework; sourceTree = BUILT_PRODUCTS_DIR; };
		59D1E97A23F618DF00647E4B /* SortAlgoBenchmarks.h */ = {isa = PBXFileReference; lastKnownFileType = sourcecode.c.h; path = SortAlgoBenchmarks.h; sourceTree = "<group>"; };
		59D1E97B23F618DF00647E4B /* Info.plist */ = {isa = PBXFileReference; lastKnownFileType = text.plist.xml; path = Info.plist; sourceTree = "<group>"; };
		59D1E98023F618DF00647E4B /* SortAlgoBenchmarksTests.xctest */ = {isa = PBXFileReference; explicitFileType = wrapper.cfbundle; includeInIndex = 0; path = SortAlgoBenchmarksTests.xctest; sourceTree = BUILT_PRODUCTS_DIR; };
		59D1E98523F618DF00647E4B /* SortAlgorithmPerformanceTests.swift */ = {isa = PBXFileReference; lastKnownFileType = sourcecode.swift; path = SortAlgorithmPerformanceTests.swift; sourceTree = "<group>"; };
		59D1E98723F618DF00647E4B /* Info.plist */ = {isa = PBXFileReference; lastKnownFileType = text.plist.xml; path = Info.plist; sourceTree = "<group>"; };
		59D1E99123F6196F00647E4B /* BubbleSort.swift */ = {isa = PBXFileReference; lastKnownFileType = sourcecode.swift; path = BubbleSort.swift; sourceTree = "<group>"; };
		59D1E99323F61E1500647E4B /* TestFixtures.swift */ = {isa = PBXFileReference; lastKnownFileType = sourcecode.swift; path = TestFixtures.swift; sourceTree = "<group>"; };
		59D1E99823F6206700647E4B /* SelectionSort.swift */ = {isa = PBXFileReference; lastKnownFileType = sourcecode.swift; path = SelectionSort.swift; sourceTree = "<group>"; };
		59D1E99A23F6208100647E4B /* InsertionSort.swift */ = {isa = PBXFileReference; lastKnownFileType = sourcecode.swift; path = InsertionSort.swift; sourceTree = "<group>"; };
		59EE4619241B09C300CA36E3 /* Factorial.swift */ = {isa = PBXFileReference; lastKnownFileType = sourcecode.swift; path = Factorial.swift; sourceTree = "<group>"; };
		59EE461B241B09D400CA36E3 /* FactorialTests.swift */ = {isa = PBXFileReference; lastKnownFileType = sourcecode.swift; path = FactorialTests.swift; sourceTree = "<group>"; };
		59EE461D241B0CFC00CA36E3 /* Kruskal.swift */ = {isa = PBXFileReference; lastKnownFileType = sourcecode.swift; path = Kruskal.swift; sourceTree = "<group>"; };
		59EE461F241B0F1F00CA36E3 /* KruskalTest.swift */ = {isa = PBXFileReference; lastKnownFileType = sourcecode.swift; path = KruskalTest.swift; sourceTree = "<group>"; };
		59EE4622241B168500CA36E3 /* UnionFind.swift */ = {isa = PBXFileReference; lastKnownFileType = sourcecode.swift; path = UnionFind.swift; sourceTree = "<group>"; };
		59F238E923FB76F700D8B467 /* Graph.swift */ = {isa = PBXFileReference; lastKnownFileType = sourcecode.swift; path = Graph.swift; sourceTree = "<group>"; };
		59F238EC23FB7A4E00D8B467 /* AdjacencyList.swift */ = {isa = PBXFileReference; lastKnownFileType = sourcecode.swift; path = AdjacencyList.swift; sourceTree = "<group>"; };
		59F238F023FB7ABF00D8B467 /* AdjacencyListTests.swift */ = {isa = PBXFileReference; lastKnownFileType = sourcecode.swift; path = AdjacencyListTests.swift; sourceTree = "<group>"; };
		59FA5FB023F88787002BA196 /* MinComparisonLinearSearch.swift */ = {isa = PBXFileReference; lastKnownFileType = sourcecode.swift; path = MinComparisonLinearSearch.swift; sourceTree = "<group>"; };
/* End PBXFileReference section */

/* Begin PBXFrameworksBuildPhase section */
		59D1E97423F618DF00647E4B /* Frameworks */ = {
			isa = PBXFrameworksBuildPhase;
			buildActionMask = 2147483647;
			files = (
			);
			runOnlyForDeploymentPostprocessing = 0;
		};
		59D1E97D23F618DF00647E4B /* Frameworks */ = {
			isa = PBXFrameworksBuildPhase;
			buildActionMask = 2147483647;
			files = (
				59D1E98123F618DF00647E4B /* SortAlgoBenchmarks.framework in Frameworks */,
			);
			runOnlyForDeploymentPostprocessing = 0;
		};
/* End PBXFrameworksBuildPhase section */

/* Begin PBXGroup section */
		59013D9623F8431400725562 /* Performance */ = {
			isa = PBXGroup;
			children = (
				59013D9823F8433100725562 /* HeapPerformanceTest.swift */,
			);
			path = Performance;
			sourceTree = "<group>";
		};
		59013D9723F8432100725562 /* Functionality */ = {
			isa = PBXGroup;
			children = (
				5973C05B23F63C530008C0C7 /* PriorityQueueTests.swift */,
				59013D9423F841D800725562 /* HeapTests.swift */,
				5964088A23F8923400B68414 /* BinaryTreeTests.swift */,
				59F238F023FB7ABF00D8B467 /* AdjacencyListTests.swift */,
				59B200BA2402210900E613C0 /* DijkstrasTest.swift */,
				5917EE342402C09200D3A061 /* PrimTest.swift */,
				59462F62240729BC00CE5885 /* LinkedListTests.swift */,
				59EE461F241B0F1F00CA36E3 /* KruskalTest.swift */,
				59BCAAA2241D37B0006F9E56 /* UnionFindTests.swift */,
			);
			path = Functionality;
			sourceTree = "<group>";
		};
		59013D9C23F8450400725562 /* Sort */ = {
			isa = PBXGroup;
			children = (
				59D1E99623F6204100647E4B /* Unstable */,
				59D1E99523F6203900647E4B /* Stable */,
			);
			path = Sort;
			sourceTree = "<group>";
		};
		59013D9F23F84B8000725562 /* Sort */ = {
			isa = PBXGroup;
			children = (
				5973C06123F640870008C0C7 /* Performance */,
				5973C05D23F63F5C0008C0C7 /* Functionality */,
			);
			path = Sort;
			sourceTree = "<group>";
		};
		590BCC1C241D54BE00419559 /* ModifiedBinarySearch */ = {
			isa = PBXGroup;
			children = (
				590BCC1D241D54D400419559 /* OrderAgnosticBinarySearch.swift */,
			);
			name = ModifiedBinarySearch;
			sourceTree = "<group>";
		};
		590BCC1F241D593700419559 /* BinarySearch */ = {
			isa = PBXGroup;
			children = (
				590BCC20241D595600419559 /* BinarySearchTests.swift */,
			);
			path = BinarySearch;
			sourceTree = "<group>";
		};
		590C8B1C24157A8E00B10C2B /* Subsets */ = {
			isa = PBXGroup;
			children = (
				590C8B1D24157A9800B10C2B /* Subsets.swift */,
			);
			name = Subsets;
			sourceTree = "<group>";
		};
		590C8B1F24157A9F00B10C2B /* Subsets */ = {
			isa = PBXGroup;
			children = (
				590C8B2024157AA900B10C2B /* SubsetsTests.swift */,
			);
			path = Subsets;
			sourceTree = "<group>";
		};
		590EA4EE23F87C5900E71EAF /* Search */ = {
			isa = PBXGroup;
			children = (
				590EA4EF23F87C6600E71EAF /* BinarySearch.swift */,
				590EA4F123F87D1500E71EAF /* LinearSearch.swift */,
				59FA5FB023F88787002BA196 /* MinComparisonLinearSearch.swift */,
			);
			path = Search;
			sourceTree = "<group>";
		};
		590EA4F323F87DB900E71EAF /* Search */ = {
			isa = PBXGroup;
			children = (
				590EA4F523F87DCB00E71EAF /* Functionality */,
				590EA4F423F87DC600E71EAF /* Performance */,
			);
			path = Search;
			sourceTree = "<group>";
		};
		590EA4F423F87DC600E71EAF /* Performance */ = {
			isa = PBXGroup;
			children = (
				590EA4F623F87DD900E71EAF /* SearchAlgorithmPerformance.swift */,
			);
			path = Performance;
			sourceTree = "<group>";
		};
		590EA4F523F87DCB00E71EAF /* Functionality */ = {
			isa = PBXGroup;
			children = (
				590BCC1F241D593700419559 /* BinarySearch */,
				5973C05E23F63F740008C0C7 /* FunctionalityTests.swift */,
			);
			path = Functionality;
			sourceTree = "<group>";
		};
		5917D8D42414269500A39C19 /* MergeIntervals */ = {
			isa = PBXGroup;
			children = (
				5917D8D5241426A100A39C19 /* MergeIntervals.swift */,
			);
			name = MergeIntervals;
			sourceTree = "<group>";
		};
		5920B88124130D7100607A4D /* SlidingWindow */ = {
			isa = PBXGroup;
			children = (
				59383B022412D00E0067CE89 /* MaxSumOfSubarray.swift */,
				59383B072412DB2C0067CE89 /* SmallestSubarrayWithSum.swift */,
				59383B0B2412E48B0067CE89 /* LongestSubstringWithDistinctChars.swift */,
			);
			name = SlidingWindow;
			sourceTree = "<group>";
		};
		5920B88224130D8300607A4D /* TwoPointer */ = {
			isa = PBXGroup;
			children = (
				596828CC2412F212002AEF7E /* PairWithTargetSum.swift */,
				596828D02412F7B2002AEF7E /* RemoveDuplicates.swift */,
			);
			name = TwoPointer;
			sourceTree = "<group>";
		};
		5920B88324130D9600607A4D /* FastSlowPointers */ = {
			isa = PBXGroup;
			children = (
				5920B87D2413029F00607A4D /* FindCycleInLinkedList.swift */,
			);
			name = FastSlowPointers;
			sourceTree = "<group>";
		};
		5920B88424130DD300607A4D /* FastSlowPointers */ = {
			isa = PBXGroup;
			children = (
				5920B87F241302B000607A4D /* FindCycleInLinkedListTests.swift */,
			);
			path = FastSlowPointers;
			sourceTree = "<group>";
		};
		5920B88524130DDE00607A4D /* TwoPointer */ = {
			isa = PBXGroup;
			children = (
				596828CE2412F23E002AEF7E /* PairWithTargetSumTests.swift */,
				596828D22412F7C0002AEF7E /* RemoveDuplicatesTests.swift */,
			);
			path = TwoPointer;
			sourceTree = "<group>";
		};
		5920B88624130DE800607A4D /* SlidingWindow */ = {
			isa = PBXGroup;
			children = (
				59383B052412D0690067CE89 /* MaxSumOfSubarray.swift */,
				59383B092412DB460067CE89 /* SmallestSubarrayWithSum.swift */,
				59383B0D2412E4980067CE89 /* LongestSubstringWithDistinctCharsTests.swift */,
			);
			path = SlidingWindow;
			sourceTree = "<group>";
		};
		59383B012412CFF40067CE89 /* Questions */ = {
			isa = PBXGroup;
			children = (
				590BCC1C241D54BE00419559 /* ModifiedBinarySearch */,
				59BCAAA4241D452D006F9E56 /* RoadsAndLibraries */,
				59EE4617241B09AD00CA36E3 /* Factorial */,
				5954A31E241AB813007F5FAC /* MedianOfAStream */,
				599D0F80241592B200B71E42 /* TopologicalSort */,
				599D0F7A2415872F00B71E42 /* XOR */,
				590C8B1C24157A8E00B10C2B /* Subsets */,
				59AF98522415490E00F718A1 /* KWayMerge */,
				5939FEA9241473B3000586D1 /* CyclicSort */,
				5917D8D42414269500A39C19 /* MergeIntervals */,
				5920B88324130D9600607A4D /* FastSlowPointers */,
				5920B88224130D8300607A4D /* TwoPointer */,
				5920B88124130D7100607A4D /* SlidingWindow */,
			);
			name = Questions;
			sourceTree = "<group>";
		};
		59383B042412D0590067CE89 /* Questions */ = {
			isa = PBXGroup;
			children = (
				59BCAAA7241D4736006F9E56 /* RoadsAndLibraries */,
				59EE4618241B09BA00CA36E3 /* Factorial */,
				5954A322241ABB19007F5FAC /* MedianOfAStream */,
				599D0F83241592C600B71E42 /* TopologicalSort */,
				599D0F7D2415873E00B71E42 /* XOR */,
				590C8B1F24157A9F00B10C2B /* Subsets */,
				59AF98552415493000F718A1 /* KWayMerge */,
				5939FEAC2414746B000586D1 /* CyclicSort */,
				5920B88624130DE800607A4D /* SlidingWindow */,
				5920B88524130DDE00607A4D /* TwoPointer */,
				5920B88424130DD300607A4D /* FastSlowPointers */,
			);
			path = Questions;
			sourceTree = "<group>";
		};
		5939FEA9241473B3000586D1 /* CyclicSort */ = {
			isa = PBXGroup;
			children = (
				5939FEAA241473BD000586D1 /* CyclicSort.swift */,
			);
			name = CyclicSort;
			sourceTree = "<group>";
		};
		5939FEAC2414746B000586D1 /* CyclicSort */ = {
			isa = PBXGroup;
			children = (
				5939FEAD2414747B000586D1 /* CyclicSortTests.swift */,
			);
			path = CyclicSort;
			sourceTree = "<group>";
		};
		59462F5F2407281100CE5885 /* LinkedList */ = {
			isa = PBXGroup;
			children = (
				59462F602407281D00CE5885 /* LinkedList.swift */,
			);
			path = LinkedList;
			sourceTree = "<group>";
		};
		5954A31E241AB813007F5FAC /* MedianOfAStream */ = {
			isa = PBXGroup;
			children = (
				5954A31F241AB824007F5FAC /* MedianOfAStream.swift */,
			);
			name = MedianOfAStream;
			sourceTree = "<group>";
		};
		5954A322241ABB19007F5FAC /* MedianOfAStream */ = {
			isa = PBXGroup;
			children = (
				5954A323241ABB26007F5FAC /* MedianOfAStreamTests.swift */,
			);
			path = MedianOfAStream;
			sourceTree = "<group>";
		};
		5973C05323F63A7C0008C0C7 /* DataStructures */ = {
			isa = PBXGroup;
			children = (
				59EE4621241B167B00CA36E3 /* UnionFind */,
				59462F5F2407281100CE5885 /* LinkedList */,
				59F238EF23FB7A8300D8B467 /* Tree */,
				59F238EE23FB7A7800D8B467 /* Elementary */,
				59F238EB23FB7A4000D8B467 /* Graph */,
			);
			path = DataStructures;
			sourceTree = "<group>";
		};
		5973C05A23F63C3E0008C0C7 /* DataStructures */ = {
			isa = PBXGroup;
			children = (
				59013D9623F8431400725562 /* Performance */,
				59013D9723F8432100725562 /* Functionality */,
			);
			path = DataStructures;
			sourceTree = "<group>";
		};
		5973C05D23F63F5C0008C0C7 /* Functionality */ = {
			isa = PBXGroup;
			children = (
			);
			path = Functionality;
			sourceTree = "<group>";
		};
		5973C06023F6407E0008C0C7 /* Algorithms */ = {
			isa = PBXGroup;
			children = (
				590EA4F323F87DB900E71EAF /* Search */,
				59013D9F23F84B8000725562 /* Sort */,
			);
			path = Algorithms;
			sourceTree = "<group>";
		};
		5973C06123F640870008C0C7 /* Performance */ = {
			isa = PBXGroup;
			children = (
				59D1E98523F618DF00647E4B /* SortAlgorithmPerformanceTests.swift */,
			);
			path = Performance;
			sourceTree = "<group>";
		};
		5973C06223F640B80008C0C7 /* Algorithms */ = {
			isa = PBXGroup;
			children = (
				590EA4EE23F87C5900E71EAF /* Search */,
				59013D9C23F8450400725562 /* Sort */,
			);
			path = Algorithms;
			sourceTree = "<group>";
		};
		5973C06323F640C90008C0C7 /* Utilities */ = {
			isa = PBXGroup;
			children = (
				59D1E99323F61E1500647E4B /* TestFixtures.swift */,
				59013D9A23F8437000725562 /* Utils.swift */,
			);
			path = Utilities;
			sourceTree = "<group>";
		};
		599D0F7A2415872F00B71E42 /* XOR */ = {
			isa = PBXGroup;
			children = (
				599D0F7B2415873700B71E42 /* XOR.swift */,
			);
			name = XOR;
			sourceTree = "<group>";
		};
		599D0F7D2415873E00B71E42 /* XOR */ = {
			isa = PBXGroup;
			children = (
				599D0F7E2415874C00B71E42 /* XORTests.swift */,
			);
			path = XOR;
			sourceTree = "<group>";
		};
		599D0F80241592B200B71E42 /* TopologicalSort */ = {
			isa = PBXGroup;
			children = (
				599D0F81241592BE00B71E42 /* TopologicalSort.swift */,
			);
			name = TopologicalSort;
			sourceTree = "<group>";
		};
		599D0F83241592C600B71E42 /* TopologicalSort */ = {
			isa = PBXGroup;
			children = (
				599D0F84241592D400B71E42 /* TopologicalSortTest.swift */,
			);
			path = TopologicalSort;
			sourceTree = "<group>";
		};
		59AF98522415490E00F718A1 /* KWayMerge */ = {
			isa = PBXGroup;
			children = (
				59AF98532415491900F718A1 /* KWayMerge.swift */,
			);
			name = KWayMerge;
			sourceTree = "<group>";
		};
		59AF98552415493000F718A1 /* KWayMerge */ = {
			isa = PBXGroup;
			children = (
				59AF98562415493C00F718A1 /* KWayMergeTests.swift */,
			);
			path = KWayMerge;
			sourceTree = "<group>";
		};
		59B3CA13241868950042A8E6 /* IOSetup */ = {
			isa = PBXGroup;
			children = (
				59B3CA14241868A20042A8E6 /* IOSetup.swift */,
			);
			path = IOSetup;
			sourceTree = "<group>";
		};
		59BCAAA4241D452D006F9E56 /* RoadsAndLibraries */ = {
			isa = PBXGroup;
			children = (
				59BCAAA5241D453B006F9E56 /* RoadsAndLibraries.swift */,
			);
			name = RoadsAndLibraries;
			sourceTree = "<group>";
		};
		59BCAAA7241D4736006F9E56 /* RoadsAndLibraries */ = {
			isa = PBXGroup;
			children = (
				59BCAAA8241D473F006F9E56 /* RoadsAndLibrariesTests.swift */,
			);
			path = RoadsAndLibraries;
			sourceTree = "<group>";
		};
		59CB4D21240EFF5900AB0395 /* Graph */ = {
			isa = PBXGroup;
			children = (
				59CB4D22240EFF7100AB0395 /* GraphVertex.swift */,
				59CB4D24240EFF8900AB0395 /* GraphEdge.swift */,
				59F238E923FB76F700D8B467 /* Graph.swift */,
			);
			path = Graph;
			sourceTree = "<group>";
		};
		59CB4D26240EFF9B00AB0395 /* Implementation */ = {
			isa = PBXGroup;
			children = (
				59CB4D21240EFF5900AB0395 /* Graph */,
				59F238EC23FB7A4E00D8B467 /* AdjacencyList.swift */,
			);
			path = Implementation;
			sourceTree = "<group>";
		};
		59CB4D27240EFFEA00AB0395 /* Algorithms */ = {
			isa = PBXGroup;
			children = (
				59B200B824021C5500E613C0 /* Dijkstras.swift */,
				5917EE322402BE0100D3A061 /* Prim.swift */,
				59EE461D241B0CFC00CA36E3 /* Kruskal.swift */,
			);
			path = Algorithms;
			sourceTree = "<group>";
		};
		59CB4D28240F00CE00AB0395 /* BinaryTree */ = {
			isa = PBXGroup;
			children = (
				5964088823F891D900B68414 /* BinaryTree.swift */,
				59CB4D29240F00F400AB0395 /* BinarySearchTree.swift */,
				5939FEAF24147A10000586D1 /* BFS.swift */,
				590C8B1A2415752600B10C2B /* DFS.swift */,
			);
			path = BinaryTree;
			sourceTree = "<group>";
		};
		59D1E96D23F618DF00647E4B = {
			isa = PBXGroup;
			children = (
				59D1E97923F618DF00647E4B /* SortAlgoBenchmarks */,
				59D1E98423F618DF00647E4B /* SortAlgoBenchmarksTests */,
				59D1E97823F618DF00647E4B /* Products */,
			);
			sourceTree = "<group>";
		};
		59D1E97823F618DF00647E4B /* Products */ = {
			isa = PBXGroup;
			children = (
				59D1E97723F618DF00647E4B /* SortAlgoBenchmarks.framework */,
				59D1E98023F618DF00647E4B /* SortAlgoBenchmarksTests.xctest */,
			);
			name = Products;
			sourceTree = "<group>";
		};
		59D1E97923F618DF00647E4B /* SortAlgoBenchmarks */ = {
			isa = PBXGroup;
			children = (
				59B3CA13241868950042A8E6 /* IOSetup */,
				59383B012412CFF40067CE89 /* Questions */,
				5973C06223F640B80008C0C7 /* Algorithms */,
				5973C05323F63A7C0008C0C7 /* DataStructures */,
				59D1E97A23F618DF00647E4B /* SortAlgoBenchmarks.h */,
				59D1E97B23F618DF00647E4B /* Info.plist */,
			);
			path = SortAlgoBenchmarks;
			sourceTree = "<group>";
		};
		59D1E98423F618DF00647E4B /* SortAlgoBenchmarksTests */ = {
			isa = PBXGroup;
			children = (
				59383B042412D0590067CE89 /* Questions */,
				5973C06323F640C90008C0C7 /* Utilities */,
				5973C06023F6407E0008C0C7 /* Algorithms */,
				5973C05A23F63C3E0008C0C7 /* DataStructures */,
				59D1E98723F618DF00647E4B /* Info.plist */,
			);
			path = SortAlgoBenchmarksTests;
			sourceTree = "<group>";
		};
		59D1E99523F6203900647E4B /* Stable */ = {
			isa = PBXGroup;
			children = (
				590EA4EC23F872C000E71EAF /* MergeSort.swift */,
				59D1E99123F6196F00647E4B /* BubbleSort.swift */,
				59D1E99A23F6208100647E4B /* InsertionSort.swift */,
				594C2C3E23FA0598008FDABB /* Timsort.swift */,
			);
			path = Stable;
			sourceTree = "<group>";
		};
		59D1E99623F6204100647E4B /* Unstable */ = {
			isa = PBXGroup;
			children = (
				59013D9D23F8488400725562 /* HeapSort.swift */,
				59D1E99823F6206700647E4B /* SelectionSort.swift */,
			);
			path = Unstable;
			sourceTree = "<group>";
		};
		59EE4617241B09AD00CA36E3 /* Factorial */ = {
			isa = PBXGroup;
			children = (
				59EE4619241B09C300CA36E3 /* Factorial.swift */,
			);
			name = Factorial;
			sourceTree = "<group>";
		};
		59EE4618241B09BA00CA36E3 /* Factorial */ = {
			isa = PBXGroup;
			children = (
				59EE461B241B09D400CA36E3 /* FactorialTests.swift */,
			);
			path = Factorial;
			sourceTree = "<group>";
		};
		59EE4621241B167B00CA36E3 /* UnionFind */ = {
			isa = PBXGroup;
			children = (
				59EE4622241B168500CA36E3 /* UnionFind.swift */,
			);
			path = UnionFind;
			sourceTree = "<group>";
		};
		59F238EB23FB7A4000D8B467 /* Graph */ = {
			isa = PBXGroup;
			children = (
				59CB4D27240EFFEA00AB0395 /* Algorithms */,
				59CB4D26240EFF9B00AB0395 /* Implementation */,
			);
			path = Graph;
			sourceTree = "<group>";
		};
		59F238EE23FB7A7800D8B467 /* Elementary */ = {
			isa = PBXGroup;
			children = (
				5973C05823F63B5B0008C0C7 /* Queue.swift */,
				59A574D0240308930089BF61 /* Stack.swift */,
			);
			path = Elementary;
			sourceTree = "<group>";
		};
		59F238EF23FB7A8300D8B467 /* Tree */ = {
			isa = PBXGroup;
			children = (
				59CB4D28240F00CE00AB0395 /* BinaryTree */,
				5973C05623F63B420008C0C7 /* Heap.swift */,
				5973C05423F63A8C0008C0C7 /* PriorityQueue.swift */,
				5941032D241C079000941AC7 /* Trie.swift */,
			);
			path = Tree;
			sourceTree = "<group>";
		};
/* End PBXGroup section */

/* Begin PBXHeadersBuildPhase section */
		59D1E97223F618DF00647E4B /* Headers */ = {
			isa = PBXHeadersBuildPhase;
			buildActionMask = 2147483647;
			files = (
				59D1E98823F618DF00647E4B /* SortAlgoBenchmarks.h in Headers */,
			);
			runOnlyForDeploymentPostprocessing = 0;
		};
/* End PBXHeadersBuildPhase section */

/* Begin PBXNativeTarget section */
		59D1E97623F618DF00647E4B /* SortAlgoBenchmarks */ = {
			isa = PBXNativeTarget;
			buildConfigurationList = 59D1E98B23F618DF00647E4B /* Build configuration list for PBXNativeTarget "SortAlgoBenchmarks" */;
			buildPhases = (
				59D1E97223F618DF00647E4B /* Headers */,
				59D1E97323F618DF00647E4B /* Sources */,
				59D1E97423F618DF00647E4B /* Frameworks */,
				59D1E97523F618DF00647E4B /* Resources */,
			);
			buildRules = (
			);
			dependencies = (
			);
			name = SortAlgoBenchmarks;
			productName = SortAlgoBenchmarks;
			productReference = 59D1E97723F618DF00647E4B /* SortAlgoBenchmarks.framework */;
			productType = "com.apple.product-type.framework";
		};
		59D1E97F23F618DF00647E4B /* SortAlgoBenchmarksTests */ = {
			isa = PBXNativeTarget;
			buildConfigurationList = 59D1E98E23F618DF00647E4B /* Build configuration list for PBXNativeTarget "SortAlgoBenchmarksTests" */;
			buildPhases = (
				59D1E97C23F618DF00647E4B /* Sources */,
				59D1E97D23F618DF00647E4B /* Frameworks */,
				59D1E97E23F618DF00647E4B /* Resources */,
			);
			buildRules = (
			);
			dependencies = (
				59D1E98323F618DF00647E4B /* PBXTargetDependency */,
			);
			name = SortAlgoBenchmarksTests;
			productName = SortAlgoBenchmarksTests;
			productReference = 59D1E98023F618DF00647E4B /* SortAlgoBenchmarksTests.xctest */;
			productType = "com.apple.product-type.bundle.unit-test";
		};
/* End PBXNativeTarget section */

/* Begin PBXProject section */
		59D1E96E23F618DF00647E4B /* Project object */ = {
			isa = PBXProject;
			attributes = {
				LastSwiftUpdateCheck = 1120;
				LastUpgradeCheck = 1120;
				ORGANIZATIONNAME = "Andrew O'Brien";
				TargetAttributes = {
					59D1E97623F618DF00647E4B = {
						CreatedOnToolsVersion = 11.2.1;
						LastSwiftMigration = 1120;
					};
					59D1E97F23F618DF00647E4B = {
						CreatedOnToolsVersion = 11.2.1;
					};
				};
			};
			buildConfigurationList = 59D1E97123F618DF00647E4B /* Build configuration list for PBXProject "SortAlgoBenchmarks" */;
			compatibilityVersion = "Xcode 9.3";
			developmentRegion = en;
			hasScannedForEncodings = 0;
			knownRegions = (
				en,
				Base,
			);
			mainGroup = 59D1E96D23F618DF00647E4B;
			productRefGroup = 59D1E97823F618DF00647E4B /* Products */;
			projectDirPath = "";
			projectRoot = "";
			targets = (
				59D1E97623F618DF00647E4B /* SortAlgoBenchmarks */,
				59D1E97F23F618DF00647E4B /* SortAlgoBenchmarksTests */,
			);
		};
/* End PBXProject section */

/* Begin PBXResourcesBuildPhase section */
		59D1E97523F618DF00647E4B /* Resources */ = {
			isa = PBXResourcesBuildPhase;
			buildActionMask = 2147483647;
			files = (
			);
			runOnlyForDeploymentPostprocessing = 0;
		};
		59D1E97E23F618DF00647E4B /* Resources */ = {
			isa = PBXResourcesBuildPhase;
			buildActionMask = 2147483647;
			files = (
			);
			runOnlyForDeploymentPostprocessing = 0;
		};
/* End PBXResourcesBuildPhase section */

/* Begin PBXSourcesBuildPhase section */
		59D1E97323F618DF00647E4B /* Sources */ = {
			isa = PBXSourcesBuildPhase;
			buildActionMask = 2147483647;
			files = (
				59D1E99B23F6208100647E4B /* InsertionSort.swift in Sources */,
				59B3CA15241868A20042A8E6 /* IOSetup.swift in Sources */,
				5941032E241C079000941AC7 /* Trie.swift in Sources */,
				590C8B1B2415752600B10C2B /* DFS.swift in Sources */,
				59F238EA23FB76F700D8B467 /* Graph.swift in Sources */,
				59CB4D2A240F00F400AB0395 /* BinarySearchTree.swift in Sources */,
				5973C05923F63B5B0008C0C7 /* Queue.swift in Sources */,
				590EA4ED23F872C000E71EAF /* MergeSort.swift in Sources */,
				59CB4D23240EFF7100AB0395 /* GraphVertex.swift in Sources */,
				59BCAAA6241D453B006F9E56 /* RoadsAndLibraries.swift in Sources */,
				599D0F82241592BE00B71E42 /* TopologicalSort.swift in Sources */,
				59F238ED23FB7A4E00D8B467 /* AdjacencyList.swift in Sources */,
				590EA4F223F87D1500E71EAF /* LinearSearch.swift in Sources */,
				5973C05723F63B420008C0C7 /* Heap.swift in Sources */,
				59EE4623241B168500CA36E3 /* UnionFind.swift in Sources */,
				59013D9E23F8488400725562 /* HeapSort.swift in Sources */,
				59462F612407281D00CE5885 /* LinkedList.swift in Sources */,
				5939FEB024147A10000586D1 /* BFS.swift in Sources */,
				59B200B924021C5500E613C0 /* Dijkstras.swift in Sources */,
				59A574D1240308930089BF61 /* Stack.swift in Sources */,
				59383B082412DB2C0067CE89 /* SmallestSubarrayWithSum.swift in Sources */,
				59EE461E241B0CFC00CA36E3 /* Kruskal.swift in Sources */,
				59383B0C2412E48B0067CE89 /* LongestSubstringWithDistinctChars.swift in Sources */,
				599D0F7C2415873700B71E42 /* XOR.swift in Sources */,
				596828D12412F7B2002AEF7E /* RemoveDuplicates.swift in Sources */,
				590C8B1E24157A9800B10C2B /* Subsets.swift in Sources */,
				5939FEAB241473BD000586D1 /* CyclicSort.swift in Sources */,
				5920B87E2413029F00607A4D /* FindCycleInLinkedList.swift in Sources */,
				594C2C3F23FA0598008FDABB /* Timsort.swift in Sources */,
				59383B032412D00E0067CE89 /* MaxSumOfSubarray.swift in Sources */,
				5964088923F891D900B68414 /* BinaryTree.swift in Sources */,
				596828CD2412F212002AEF7E /* PairWithTargetSum.swift in Sources */,
				59FA5FB123F88787002BA196 /* MinComparisonLinearSearch.swift in Sources */,
				5954A320241AB824007F5FAC /* MedianOfAStream.swift in Sources */,
				5973C05523F63A8C0008C0C7 /* PriorityQueue.swift in Sources */,
				5917D8D6241426A100A39C19 /* MergeIntervals.swift in Sources */,
				59D1E99923F6206700647E4B /* SelectionSort.swift in Sources */,
				5917EE332402BE0100D3A061 /* Prim.swift in Sources */,
				59D1E99223F6196F00647E4B /* BubbleSort.swift in Sources */,
				590BCC1E241D54D400419559 /* OrderAgnosticBinarySearch.swift in Sources */,
				59EE461A241B09C300CA36E3 /* Factorial.swift in Sources */,
				59AF98542415491900F718A1 /* KWayMerge.swift in Sources */,
				59CB4D25240EFF8900AB0395 /* GraphEdge.swift in Sources */,
			);
			runOnlyForDeploymentPostprocessing = 0;
		};
		59D1E97C23F618DF00647E4B /* Sources */ = {
			isa = PBXSourcesBuildPhase;
			buildActionMask = 2147483647;
			files = (
				590EA4F023F87C6600E71EAF /* BinarySearch.swift in Sources */,
				59BCAAA9241D473F006F9E56 /* RoadsAndLibrariesTests.swift in Sources */,
				59383B0E2412E4980067CE89 /* LongestSubstringWithDistinctCharsTests.swift in Sources */,
				5939FEAE2414747B000586D1 /* CyclicSortTests.swift in Sources */,
				59BCAAA3241D37B0006F9E56 /* UnionFindTests.swift in Sources */,
				590BCC21241D595600419559 /* BinarySearchTests.swift in Sources */,
				599D0F85241592D400B71E42 /* TopologicalSortTest.swift in Sources */,
				59EE461C241B09D400CA36E3 /* FactorialTests.swift in Sources */,
				59EE4620241B0F1F00CA36E3 /* KruskalTest.swift in Sources */,
				59013D9923F8433100725562 /* HeapPerformanceTest.swift in Sources */,
				59383B062412D0690067CE89 /* MaxSumOfSubarray.swift in Sources */,
				599D0F7F2415874C00B71E42 /* XORTests.swift in Sources */,
				5920B880241302B000607A4D /* FindCycleInLinkedListTests.swift in Sources */,
				59D1E98623F618DF00647E4B /* SortAlgorithmPerformanceTests.swift in Sources */,
				590C8B2124157AA900B10C2B /* SubsetsTests.swift in Sources */,
				59D1E99423F61E1500647E4B /* TestFixtures.swift in Sources */,
				59013D9B23F8437000725562 /* Utils.swift in Sources */,
				5954A324241ABB26007F5FAC /* MedianOfAStreamTests.swift in Sources */,
				59B200BB2402210900E613C0 /* DijkstrasTest.swift in Sources */,
				59383B0A2412DB460067CE89 /* SmallestSubarrayWithSum.swift in Sources */,
				59462F63240729BC00CE5885 /* LinkedListTests.swift in Sources */,
				5917EE352402C09200D3A061 /* PrimTest.swift in Sources */,
				59F238F123FB7ABF00D8B467 /* AdjacencyListTests.swift in Sources */,
				59AF98572415493C00F718A1 /* KWayMergeTests.swift in Sources */,
				596828CF2412F23E002AEF7E /* PairWithTargetSumTests.swift in Sources */,
				5973C05C23F63C530008C0C7 /* PriorityQueueTests.swift in Sources */,
				596828D32412F7C0002AEF7E /* RemoveDuplicatesTests.swift in Sources */,
				5964088B23F8923400B68414 /* BinaryTreeTests.swift in Sources */,
				5973C05F23F63F740008C0C7 /* FunctionalityTests.swift in Sources */,
				59013D9523F841D800725562 /* HeapTests.swift in Sources */,
				590EA4F723F87DD900E71EAF /* SearchAlgorithmPerformance.swift in Sources */,
			);
			runOnlyForDeploymentPostprocessing = 0;
		};
/* End PBXSourcesBuildPhase section */

/* Begin PBXTargetDependency section */
		59D1E98323F618DF00647E4B /* PBXTargetDependency */ = {
			isa = PBXTargetDependency;
			target = 59D1E97623F618DF00647E4B /* SortAlgoBenchmarks */;
			targetProxy = 59D1E98223F618DF00647E4B /* PBXContainerItemProxy */;
		};
/* End PBXTargetDependency section */

/* Begin XCBuildConfiguration section */
		59D1E98923F618DF00647E4B /* Debug */ = {
			isa = XCBuildConfiguration;
			buildSettings = {
				ALWAYS_SEARCH_USER_PATHS = NO;
				CLANG_ANALYZER_NONNULL = YES;
				CLANG_ANALYZER_NUMBER_OBJECT_CONVERSION = YES_AGGRESSIVE;
				CLANG_CXX_LANGUAGE_STANDARD = "gnu++14";
				CLANG_CXX_LIBRARY = "libc++";
				CLANG_ENABLE_MODULES = YES;
				CLANG_ENABLE_OBJC_ARC = YES;
				CLANG_ENABLE_OBJC_WEAK = YES;
				CLANG_WARN_BLOCK_CAPTURE_AUTORELEASING = YES;
				CLANG_WARN_BOOL_CONVERSION = YES;
				CLANG_WARN_COMMA = YES;
				CLANG_WARN_CONSTANT_CONVERSION = YES;
				CLANG_WARN_DEPRECATED_OBJC_IMPLEMENTATIONS = YES;
				CLANG_WARN_DIRECT_OBJC_ISA_USAGE = YES_ERROR;
				CLANG_WARN_DOCUMENTATION_COMMENTS = YES;
				CLANG_WARN_EMPTY_BODY = YES;
				CLANG_WARN_ENUM_CONVERSION = YES;
				CLANG_WARN_INFINITE_RECURSION = YES;
				CLANG_WARN_INT_CONVERSION = YES;
				CLANG_WARN_NON_LITERAL_NULL_CONVERSION = YES;
				CLANG_WARN_OBJC_IMPLICIT_RETAIN_SELF = YES;
				CLANG_WARN_OBJC_LITERAL_CONVERSION = YES;
				CLANG_WARN_OBJC_ROOT_CLASS = YES_ERROR;
				CLANG_WARN_RANGE_LOOP_ANALYSIS = YES;
				CLANG_WARN_STRICT_PROTOTYPES = YES;
				CLANG_WARN_SUSPICIOUS_MOVE = YES;
				CLANG_WARN_UNGUARDED_AVAILABILITY = YES_AGGRESSIVE;
				CLANG_WARN_UNREACHABLE_CODE = YES;
				CLANG_WARN__DUPLICATE_METHOD_MATCH = YES;
				COPY_PHASE_STRIP = NO;
				CURRENT_PROJECT_VERSION = 1;
				DEBUG_INFORMATION_FORMAT = dwarf;
				ENABLE_STRICT_OBJC_MSGSEND = YES;
				ENABLE_TESTABILITY = YES;
				GCC_C_LANGUAGE_STANDARD = gnu11;
				GCC_DYNAMIC_NO_PIC = NO;
				GCC_NO_COMMON_BLOCKS = YES;
				GCC_OPTIMIZATION_LEVEL = 0;
				GCC_PREPROCESSOR_DEFINITIONS = (
					"DEBUG=1",
					"$(inherited)",
				);
				GCC_WARN_64_TO_32_BIT_CONVERSION = YES;
				GCC_WARN_ABOUT_RETURN_TYPE = YES_ERROR;
				GCC_WARN_UNDECLARED_SELECTOR = YES;
				GCC_WARN_UNINITIALIZED_AUTOS = YES_AGGRESSIVE;
				GCC_WARN_UNUSED_FUNCTION = YES;
				GCC_WARN_UNUSED_VARIABLE = YES;
				IPHONEOS_DEPLOYMENT_TARGET = 13.2;
				MTL_ENABLE_DEBUG_INFO = INCLUDE_SOURCE;
				MTL_FAST_MATH = YES;
				ONLY_ACTIVE_ARCH = YES;
				SDKROOT = iphoneos;
				SWIFT_ACTIVE_COMPILATION_CONDITIONS = DEBUG;
				SWIFT_OPTIMIZATION_LEVEL = "-Onone";
				VERSIONING_SYSTEM = "apple-generic";
				VERSION_INFO_PREFIX = "";
			};
			name = Debug;
		};
		59D1E98A23F618DF00647E4B /* Release */ = {
			isa = XCBuildConfiguration;
			buildSettings = {
				ALWAYS_SEARCH_USER_PATHS = NO;
				CLANG_ANALYZER_NONNULL = YES;
				CLANG_ANALYZER_NUMBER_OBJECT_CONVERSION = YES_AGGRESSIVE;
				CLANG_CXX_LANGUAGE_STANDARD = "gnu++14";
				CLANG_CXX_LIBRARY = "libc++";
				CLANG_ENABLE_MODULES = YES;
				CLANG_ENABLE_OBJC_ARC = YES;
				CLANG_ENABLE_OBJC_WEAK = YES;
				CLANG_WARN_BLOCK_CAPTURE_AUTORELEASING = YES;
				CLANG_WARN_BOOL_CONVERSION = YES;
				CLANG_WARN_COMMA = YES;
				CLANG_WARN_CONSTANT_CONVERSION = YES;
				CLANG_WARN_DEPRECATED_OBJC_IMPLEMENTATIONS = YES;
				CLANG_WARN_DIRECT_OBJC_ISA_USAGE = YES_ERROR;
				CLANG_WARN_DOCUMENTATION_COMMENTS = YES;
				CLANG_WARN_EMPTY_BODY = YES;
				CLANG_WARN_ENUM_CONVERSION = YES;
				CLANG_WARN_INFINITE_RECURSION = YES;
				CLANG_WARN_INT_CONVERSION = YES;
				CLANG_WARN_NON_LITERAL_NULL_CONVERSION = YES;
				CLANG_WARN_OBJC_IMPLICIT_RETAIN_SELF = YES;
				CLANG_WARN_OBJC_LITERAL_CONVERSION = YES;
				CLANG_WARN_OBJC_ROOT_CLASS = YES_ERROR;
				CLANG_WARN_RANGE_LOOP_ANALYSIS = YES;
				CLANG_WARN_STRICT_PROTOTYPES = YES;
				CLANG_WARN_SUSPICIOUS_MOVE = YES;
				CLANG_WARN_UNGUARDED_AVAILABILITY = YES_AGGRESSIVE;
				CLANG_WARN_UNREACHABLE_CODE = YES;
				CLANG_WARN__DUPLICATE_METHOD_MATCH = YES;
				COPY_PHASE_STRIP = NO;
				CURRENT_PROJECT_VERSION = 1;
				DEBUG_INFORMATION_FORMAT = "dwarf-with-dsym";
				ENABLE_NS_ASSERTIONS = NO;
				ENABLE_STRICT_OBJC_MSGSEND = YES;
				GCC_C_LANGUAGE_STANDARD = gnu11;
				GCC_NO_COMMON_BLOCKS = YES;
				GCC_WARN_64_TO_32_BIT_CONVERSION = YES;
				GCC_WARN_ABOUT_RETURN_TYPE = YES_ERROR;
				GCC_WARN_UNDECLARED_SELECTOR = YES;
				GCC_WARN_UNINITIALIZED_AUTOS = YES_AGGRESSIVE;
				GCC_WARN_UNUSED_FUNCTION = YES;
				GCC_WARN_UNUSED_VARIABLE = YES;
				IPHONEOS_DEPLOYMENT_TARGET = 13.2;
				MTL_ENABLE_DEBUG_INFO = NO;
				MTL_FAST_MATH = YES;
				SDKROOT = iphoneos;
				SWIFT_COMPILATION_MODE = wholemodule;
				SWIFT_OPTIMIZATION_LEVEL = "-O";
				VALIDATE_PRODUCT = YES;
				VERSIONING_SYSTEM = "apple-generic";
				VERSION_INFO_PREFIX = "";
			};
			name = Release;
		};
		59D1E98C23F618DF00647E4B /* Debug */ = {
			isa = XCBuildConfiguration;
			buildSettings = {
				CLANG_ENABLE_MODULES = YES;
				CODE_SIGN_STYLE = Automatic;
				DEFINES_MODULE = YES;
				DEVELOPMENT_TEAM = VK9Q399257;
				DYLIB_COMPATIBILITY_VERSION = 1;
				DYLIB_CURRENT_VERSION = 1;
				DYLIB_INSTALL_NAME_BASE = "@rpath";
				INFOPLIST_FILE = SortAlgoBenchmarks/Info.plist;
				INSTALL_PATH = "$(LOCAL_LIBRARY_DIR)/Frameworks";
				LD_RUNPATH_SEARCH_PATHS = (
					"$(inherited)",
					"@executable_path/Frameworks",
					"@loader_path/Frameworks",
				);
				PRODUCT_BUNDLE_IDENTIFIER = com.app.SortAlgoBenchmarks.SortAlgoBenchmarks;
				PRODUCT_NAME = "$(TARGET_NAME:c99extidentifier)";
				SKIP_INSTALL = YES;
				SWIFT_OPTIMIZATION_LEVEL = "-Onone";
				SWIFT_VERSION = 5.0;
				TARGETED_DEVICE_FAMILY = "1,2";
			};
			name = Debug;
		};
		59D1E98D23F618DF00647E4B /* Release */ = {
			isa = XCBuildConfiguration;
			buildSettings = {
				CLANG_ENABLE_MODULES = YES;
				CODE_SIGN_STYLE = Automatic;
				DEFINES_MODULE = YES;
				DEVELOPMENT_TEAM = VK9Q399257;
				DYLIB_COMPATIBILITY_VERSION = 1;
				DYLIB_CURRENT_VERSION = 1;
				DYLIB_INSTALL_NAME_BASE = "@rpath";
				INFOPLIST_FILE = SortAlgoBenchmarks/Info.plist;
				INSTALL_PATH = "$(LOCAL_LIBRARY_DIR)/Frameworks";
				LD_RUNPATH_SEARCH_PATHS = (
					"$(inherited)",
					"@executable_path/Frameworks",
					"@loader_path/Frameworks",
				);
				PRODUCT_BUNDLE_IDENTIFIER = com.app.SortAlgoBenchmarks.SortAlgoBenchmarks;
				PRODUCT_NAME = "$(TARGET_NAME:c99extidentifier)";
				SKIP_INSTALL = YES;
				SWIFT_VERSION = 5.0;
				TARGETED_DEVICE_FAMILY = "1,2";
			};
			name = Release;
		};
		59D1E98F23F618DF00647E4B /* Debug */ = {
			isa = XCBuildConfiguration;
			buildSettings = {
				ALWAYS_EMBED_SWIFT_STANDARD_LIBRARIES = YES;
				CODE_SIGN_STYLE = Automatic;
				DEVELOPMENT_TEAM = VK9Q399257;
				INFOPLIST_FILE = SortAlgoBenchmarksTests/Info.plist;
				LD_RUNPATH_SEARCH_PATHS = (
					"$(inherited)",
					"@executable_path/Frameworks",
					"@loader_path/Frameworks",
				);
				PRODUCT_BUNDLE_IDENTIFIER = com.app.SortAlgoBenchmarks.SortAlgoBenchmarksTests;
				PRODUCT_NAME = "$(TARGET_NAME)";
				SWIFT_VERSION = 5.0;
				TARGETED_DEVICE_FAMILY = "1,2";
			};
			name = Debug;
		};
		59D1E99023F618DF00647E4B /* Release */ = {
			isa = XCBuildConfiguration;
			buildSettings = {
				ALWAYS_EMBED_SWIFT_STANDARD_LIBRARIES = YES;
				CODE_SIGN_STYLE = Automatic;
				DEVELOPMENT_TEAM = VK9Q399257;
				INFOPLIST_FILE = SortAlgoBenchmarksTests/Info.plist;
				LD_RUNPATH_SEARCH_PATHS = (
					"$(inherited)",
					"@executable_path/Frameworks",
					"@loader_path/Frameworks",
				);
				PRODUCT_BUNDLE_IDENTIFIER = com.app.SortAlgoBenchmarks.SortAlgoBenchmarksTests;
				PRODUCT_NAME = "$(TARGET_NAME)";
				SWIFT_VERSION = 5.0;
				TARGETED_DEVICE_FAMILY = "1,2";
			};
			name = Release;
		};
/* End XCBuildConfiguration section */

/* Begin XCConfigurationList section */
		59D1E97123F618DF00647E4B /* Build configuration list for PBXProject "SortAlgoBenchmarks" */ = {
			isa = XCConfigurationList;
			buildConfigurations = (
				59D1E98923F618DF00647E4B /* Debug */,
				59D1E98A23F618DF00647E4B /* Release */,
			);
			defaultConfigurationIsVisible = 0;
			defaultConfigurationName = Release;
		};
		59D1E98B23F618DF00647E4B /* Build configuration list for PBXNativeTarget "SortAlgoBenchmarks" */ = {
			isa = XCConfigurationList;
			buildConfigurations = (
				59D1E98C23F618DF00647E4B /* Debug */,
				59D1E98D23F618DF00647E4B /* Release */,
			);
			defaultConfigurationIsVisible = 0;
			defaultConfigurationName = Release;
		};
		59D1E98E23F618DF00647E4B /* Build configuration list for PBXNativeTarget "SortAlgoBenchmarksTests" */ = {
			isa = XCConfigurationList;
			buildConfigurations = (
				59D1E98F23F618DF00647E4B /* Debug */,
				59D1E99023F618DF00647E4B /* Release */,
			);
			defaultConfigurationIsVisible = 0;
			defaultConfigurationName = Release;
		};
/* End XCConfigurationList section */
	};
	rootObject = 59D1E96E23F618DF00647E4B /* Project object */;
}
